
Microsoft Visual Studio Solution File, Format Version 12.00
# Visual Studio 14
VisualStudioVersion = 14.0.25420.1
MinimumVisualStudioVersion = 10.0.40219.1
Project("{FAE04EC0-301F-11D3-BF4B-00C04F79EFBC}") = "DCubeHotelSystem", "DCubeHotelSystem\DCubeHotelSystem.csproj", "{95BA90F6-B9F4-48A6-A250-295427C8D153}"
	ProjectSection(ProjectDependencies) = postProject
		{F78E25DE-2020-4D3F-BCB0-579A90B8BAD7} = {F78E25DE-2020-4D3F-BCB0-579A90B8BAD7}
	EndProjectSection
EndProject
Project("{FAE04EC0-301F-11D3-BF4B-00C04F79EFBC}") = "DCubeHotelBusinessLayer", "DCubeHotelBusinessLayer\DCubeHotelBusinessLayer.csproj", "{F78E25DE-2020-4D3F-BCB0-579A90B8BAD7}"
EndProject
Global
	GlobalSection(SolutionConfigurationPlatforms) = preSolution
		Debug|Any CPU = Debug|Any CPU
		Release|Any CPU = Release|Any CPU
	EndGlobalSection
	GlobalSection(ProjectConfigurationPlatforms) = postSolution
		{95BA90F6-B9F4-48A6-A250-295427C8D153}.Debug|Any CPU.ActiveCfg = Debug|Any CPU
		{95BA90F6-B9F4-48A6-A250-295427C8D153}.Debug|Any CPU.Build.0 = Debug|Any CPU
		{95BA90F6-B9F4-48A6-A250-295427C8D153}.Release|Any CPU.ActiveCfg = Release|Any CPU
		{95BA90F6-B9F4-48A6-A250-295427C8D153}.Release|Any CPU.Build.0 = Release|Any CPU
		{F78E25DE-2020-4D3F-BCB0-579A90B8BAD7}.Debug|Any CPU.ActiveCfg = Debug|Any CPU
		{F78E25DE-2020-4D3F-BCB0-579A90B8BAD7}.Debug|Any CPU.Build.0 = Debug|Any CPU
		{F78E25DE-2020-4D3F-BCB0-579A90B8BAD7}.Release|Any CPU.ActiveCfg = Release|Any CPU
		{F78E25DE-2020-4D3F-BCB0-579A90B8BAD7}.Release|Any CPU.Build.0 = Release|Any CPU
	EndGlobalSection
	GlobalSection(SolutionProperties) = preSolution
		HideSolutionNode = FALSE
	EndGlobalSection
EndGlobal
